{
  "pins" : [
    {
      "identity" : "combine-schedulers",
      "kind" : "remoteSourceControl",
      "location" : "https://github.com/pointfreeco/combine-schedulers",
      "state" : {
        "revision" : "0625932976b3ae23949f6b816d13bd97f3b40b7c",
        "version" : "0.10.0"
      }
    },
    {
      "identity" : "html2markdown",
      "kind" : "remoteSourceControl",
      "location" : "https://gitlab.com/mflint/HTML2Markdown",
      "state" : {
        "revision" : "00d7a9744bbd1e7762c587bbd248775e16345a65",
        "version" : "1.0.0"
      }
    },
    {
      "identity" : "keychainaccess",
      "kind" : "remoteSourceControl",
      "location" : "https://github.com/kishikawakatsumi/KeychainAccess",
      "state" : {
        "revision" : "84e546727d66f1adc5439debad16270d0fdd04e7",
        "version" : "4.2.2"
      }
    },
    {
      "identity" : "kingfisher",
      "kind" : "remoteSourceControl",
      "location" : "https://github.com/onevcat/Kingfisher",
      "state" : {
        "revision" : "c1f60c63f356d364f4284ba82961acbe7de79bcc",
        "version" : "7.8.1"
      }
    },
    {
      "identity" : "mastodon.swift",
      "kind" : "remoteSourceControl",
      "location" : "https://github.com/Swiftodon/Mastodon.swift",
      "state" : {
        "revision" : "26d970a92d31cbb0b797f8031746e07f656aee2b",
        "version" : "2.1.2"
      }
    },
    {
      "identity" : "swift-case-paths",
      "kind" : "remoteSourceControl",
      "location" : "https://github.com/pointfreeco/swift-case-paths",
      "state" : {
        "revision" : "fc45e7b2cfece9dd80b5a45e6469ffe67fe67984",
        "version" : "0.14.1"
      }
    },
    {
      "identity" : "swift-clocks",
      "kind" : "remoteSourceControl",
      "location" : "https://github.com/pointfreeco/swift-clocks",
      "state" : {
        "revision" : "f9acfa1a45f4483fe0f2c434a74e6f68f865d12d",
        "version" : "0.3.0"
      }
    },
    {
      "identity" : "swift-collections",
      "kind" : "remoteSourceControl",
      "location" : "https://github.com/apple/swift-collections",
      "state" : {
        "revision" : "937e904258d22af6e447a0b72c0bc67583ef64a2",
        "version" : "1.0.4"
      }
    },
    {
      "identity" : "swift-composable-architecture",
      "kind" : "remoteSourceControl",
      "location" : "https://github.com/pointfreeco/swift-composable-architecture",
      "state" : {
        "branch" : "main",
        "revision" : "745bc10361639be7d97ab8539527e33fbf8c7e37"
      }
    },
    {
      "identity" : "swift-custom-dump",
      "kind" : "remoteSourceControl",
      "location" : "https://github.com/pointfreeco/swift-custom-dump",
      "state" : {
        "revision" : "3a35f7892e7cf6ba28a78cd46a703c0be4e0c6dc",
        "version" : "0.11.0"
      }
    },
    {
      "identity" : "swift-dependencies",
      "kind" : "remoteSourceControl",
      "location" : "https://github.com/pointfreeco/swift-dependencies",
      "state" : {
        "revision" : "de1a984a71e51f6e488e98ce3652035563eb8acb",
        "version" : "0.5.1"
      }
    },
    {
      "identity" : "swift-gen",
      "kind" : "remoteSourceControl",
      "location" : "https://github.com/pointfreeco/swift-gen",
      "state" : {
        "revision" : "5bd20fb662e1ead7ee47df6bb0a15398295f2e06",
        "version" : "0.4.0"
      }
    },
    {
      "identity" : "swift-identified-collections",
      "kind" : "remoteSourceControl",
      "location" : "https://github.com/pointfreeco/swift-identified-collections",
      "state" : {
        "revision" : "d01446a78fb768adc9a78cbb6df07767c8ccfc29",
        "version" : "0.8.0"
      }
    },
    {
      "identity" : "swift-overture",
      "kind" : "remoteSourceControl",
      "location" : "https://github.com/pointfreeco/swift-overture",
      "state" : {
        "revision" : "7977acd7597f413717058acc1e080731249a1d7e",
        "version" : "0.5.0"
      }
    },
    {
      "identity" : "swift-parsing",
      "kind" : "remoteSourceControl",
      "location" : "https://github.com/pointfreeco/swift-parsing",
      "state" : {
        "revision" : "27c941bbd22a4bbc53005a15a0440443fd892f70",
        "version" : "0.12.1"
      }
    },
    {
      "identity" : "swift-snapshot-testing",
      "kind" : "remoteSourceControl",
      "location" : "https://github.com/pointfreeco/swift-snapshot-testing",
      "state" : {
        "revision" : "dc46eeb3928a75390651fac6c1ef7f93ad59a73b",
        "version" : "1.11.1"
      }
    },
    {
      "identity" : "swift-tagged",
      "kind" : "remoteSourceControl",
      "location" : "https://github.com/pointfreeco/swift-tagged",
      "state" : {
        "revision" : "3907a9438f5b57d317001dc99f3f11b46882272b",
        "version" : "0.10.0"
      }
    },
    {
      "identity" : "swift-url-routing",
      "kind" : "remoteSourceControl",
      "location" : "https://github.com/pointfreeco/swift-url-routing",
      "state" : {
        "revision" : "2f4f0404b3de0a0711feb7190f724d8a80bc1cfd",
        "version" : "0.5.0"
      }
    },
    {
      "identity" : "swiftui-navigation",
      "kind" : "remoteSourceControl",
      "location" : "https://github.com/pointfreeco/swiftui-navigation",
      "state" : {
        "revision" : "2aa885e719087ee19df251c08a5980ad3e787f12",
        "version" : "0.8.0"
      }
    },
    {
      "identity" : "willow",
      "kind" : "remoteSourceControl",
      "location" : "https://github.com/Nike-Inc/Willow",
      "state" : {
        "revision" : "816ff0129ca61cae3d00ca82dadce7f759d29ce9",
        "version" : "6.0.0"
      }
    },
    {
      "identity" : "xctest-dynamic-overlay",
      "kind" : "remoteSourceControl",
      "location" : "https://github.com/pointfreeco/xctest-dynamic-overlay",
      "state" : {
        "revision" : "4af50b38daf0037cfbab15514a241224c3f62f98",
        "version" : "0.8.5"
      }
    }
  ],
  "version" : 2
}
